{
    "name": "@deokwons9004dev/node-color-log",
    "version": "11.2.2",
    "lockfileVersion": 3,
    "requires": true,
    "packages": {
        "": {
            "name": "@deokwons9004dev/node-color-log",
            "version": "11.2.2",
            "license": "MIT",
            "dependencies": {
                "luxon": "^3.4.4",
                "stack-trace": "^1.0.0-pre2",
                "stacktracey": "^2.1.8"
            }
        },
        "node_modules/as-table": {
            "version": "1.0.55",
            "resolved": "https://registry.npmjs.org/as-table/-/as-table-1.0.55.tgz",
            "integrity": "sha512-xvsWESUJn0JN421Xb9MQw6AsMHRCUknCe0Wjlxvjud80mU4E6hQf1A6NzQKcYNmYw62MfzEtXc+badstZP3JpQ==",
            "dependencies": {
                "printable-characters": "^1.0.42"
            }
        },
        "node_modules/data-uri-to-buffer": {
            "version": "2.0.2",
            "resolved": "https://registry.npmjs.org/data-uri-to-buffer/-/data-uri-to-buffer-2.0.2.tgz",
            "integrity": "sha512-ND9qDTLc6diwj+Xe5cdAgVTbLVdXbtxTJRXRhli8Mowuaan+0EJOtdqJ0QCHNSSPyoXGx9HX2/VMnKeC34AChA=="
        },
        "node_modules/get-source": {
            "version": "2.0.12",
            "resolved": "https://registry.npmjs.org/get-source/-/get-source-2.0.12.tgz",
            "integrity": "sha512-X5+4+iD+HoSeEED+uwrQ07BOQr0kEDFMVqqpBuI+RaZBpBpHCuXxo70bjar6f0b0u/DQJsJ7ssurpP0V60Az+w==",
            "dependencies": {
                "data-uri-to-buffer": "^2.0.0",
                "source-map": "^0.6.1"
            }
        },
        "node_modules/luxon": {
            "version": "3.4.4",
            "resolved": "https://registry.npmjs.org/luxon/-/luxon-3.4.4.tgz",
            "integrity": "sha512-zobTr7akeGHnv7eBOXcRgMeCP6+uyYsczwmeRCauvpvaAltgNyTbLH/+VaEAPUeWBT+1GuNmz4wC/6jtQzbbVA==",
            "engines": {
                "node": ">=12"
            }
        },
        "node_modules/printable-characters": {
            "version": "1.0.42",
            "resolved": "https://registry.npmjs.org/printable-characters/-/printable-characters-1.0.42.tgz",
            "integrity": "sha512-dKp+C4iXWK4vVYZmYSd0KBH5F/h1HoZRsbJ82AVKRO3PEo8L4lBS/vLwhVtpwwuYcoIsVY+1JYKR268yn480uQ=="
        },
        "node_modules/source-map": {
            "version": "0.6.1",
            "resolved": "https://registry.npmjs.org/source-map/-/source-map-0.6.1.tgz",
            "integrity": "sha512-UjgapumWlbMhkBgzT7Ykc5YXUT46F0iKu8SGXq0bcwP5dz/h0Plj6enJqjz1Zbq2l5WaqYnrVbwWOWMyF3F47g==",
            "engines": {
                "node": ">=0.10.0"
            }
        },
        "node_modules/stack-trace": {
            "version": "1.0.0-pre2",
            "resolved": "https://registry.npmjs.org/stack-trace/-/stack-trace-1.0.0-pre2.tgz",
            "integrity": "sha512-2ztBJRek8IVofG9DBJqdy2N5kulaacX30Nz7xmkYF6ale9WBVmIy6mFBchvGX7Vx/MyjBhx+Rcxqrj+dbOnQ6A==",
            "engines": {
                "node": ">=16"
            }
        },
        "node_modules/stacktracey": {
            "version": "2.1.8",
            "resolved": "https://registry.npmjs.org/stacktracey/-/stacktracey-2.1.8.tgz",
            "integrity": "sha512-Kpij9riA+UNg7TnphqjH7/CzctQ/owJGNbFkfEeve4Z4uxT5+JapVLFXcsurIfN34gnTWZNJ/f7NMG0E8JDzTw==",
            "dependencies": {
                "as-table": "^1.0.36",
                "get-source": "^2.0.12"
            }
        }
    }
}
